
Microsoft Visual Studio Solution File, Format Version 12.00
# Visual Studio Version 17
VisualStudioVersion = 17.6.33723.286
MinimumVisualStudioVersion = 10.0.40219.1
Project("{FAE04EC0-301F-11D3-BF4B-00C04F79EFBC}") = "01_简单工厂模式", "01_简单工厂模式\01_简单工厂模式.csproj", "{84FA334F-16F2-4A22-9152-DDCF83F09AC9}"
EndProject
Project("{FAE04EC0-301F-11D3-BF4B-00C04F79EFBC}") = "02_策略模式", "02_策略模式\02_策略模式.csproj", "{49FAFFBD-CE3E-47C8-B8FC-948933256F16}"
EndProject
Project("{FAE04EC0-301F-11D3-BF4B-00C04F79EFBC}") = "03_装饰模式", "03_装饰模式\03_装饰模式.csproj", "{439CCD0B-3662-4837-8DFA-F89FC517D1F8}"
EndProject
Project("{FAE04EC0-301F-11D3-BF4B-00C04F79EFBC}") = "04_代理模式", "04_代理模式\04_代理模式.csproj", "{49C76B6C-8E12-4D16-91B7-9E9FCDC83C09}"
EndProject
Project("{FAE04EC0-301F-11D3-BF4B-00C04F79EFBC}") = "05_工厂方法模式", "05_工厂方法模式\05_工厂方法模式.csproj", "{DEBAC8E4-01D8-41C8-BB88-35BE9B0C464C}"
EndProject
Project("{FAE04EC0-301F-11D3-BF4B-00C04F79EFBC}") = "06_原型模式", "06_原型模式\06_原型模式.csproj", "{BE6E29EB-FCA0-4AC4-9652-0A69BB1D57CF}"
EndProject
Project("{FAE04EC0-301F-11D3-BF4B-00C04F79EFBC}") = "07_模版方法模式", "07_模版方法模式\07_模版方法模式.csproj", "{7CF9DA59-D8A5-483B-8EE4-CACE9B930F44}"
EndProject
Project("{FAE04EC0-301F-11D3-BF4B-00C04F79EFBC}") = "08_外观模式", "08_外观模式\08_外观模式.csproj", "{D90932ED-2A6B-48C0-95E0-21D61D90A5A1}"
EndProject
Project("{FAE04EC0-301F-11D3-BF4B-00C04F79EFBC}") = "09_建造者模式", "09_建造者模式\09_建造者模式.csproj", "{F4C7B3DE-5898-40CA-A5CE-F29C9D3201BE}"
EndProject
Project("{FAE04EC0-301F-11D3-BF4B-00C04F79EFBC}") = "10_观察者模式", "10_观察者模式\10_观察者模式.csproj", "{FED63CF7-AE73-4474-A399-BA32350B1A32}"
EndProject
Project("{FAE04EC0-301F-11D3-BF4B-00C04F79EFBC}") = "11_抽象工厂模式", "11_抽象工厂模式\11_抽象工厂模式.csproj", "{C86B4485-0F13-4BFF-8CCA-9DC6ECC256A5}"
EndProject
Project("{FAE04EC0-301F-11D3-BF4B-00C04F79EFBC}") = "12_状态模式", "12_状态模式\12_状态模式.csproj", "{07AB4822-F1E9-4D95-AEF2-9679FC8A9421}"
EndProject
Project("{FAE04EC0-301F-11D3-BF4B-00C04F79EFBC}") = "13_适配器模式", "13_适配器模式\13_适配器模式.csproj", "{8F7316BA-62C9-4D34-A5D7-04DFEE2FA61B}"
EndProject
Project("{FAE04EC0-301F-11D3-BF4B-00C04F79EFBC}") = "14_备忘录模式", "14_备忘录模式\14_备忘录模式.csproj", "{F0EC8EFE-A316-4770-ABAF-C82AF070AEA5}"
EndProject
Project("{FAE04EC0-301F-11D3-BF4B-00C04F79EFBC}") = "15_组合模式", "15_组合模式\15_组合模式.csproj", "{53764760-E1FC-40E5-AEC0-1C6EF39F2610}"
EndProject
Project("{FAE04EC0-301F-11D3-BF4B-00C04F79EFBC}") = "16_迭代器模式", "16_迭代器模式\16_迭代器模式.csproj", "{37DF5BED-5353-467D-8ED4-E8547CB73EAD}"
EndProject
Project("{FAE04EC0-301F-11D3-BF4B-00C04F79EFBC}") = "17_单例模式", "17_单例模式\17_单例模式.csproj", "{596F7DCE-B705-4E8C-876A-7A022B30730F}"
EndProject
Project("{FAE04EC0-301F-11D3-BF4B-00C04F79EFBC}") = "18_桥接模式", "18_桥接模式\18_桥接模式.csproj", "{57C4E283-73DE-4F52-8777-C9671AB75928}"
EndProject
Project("{FAE04EC0-301F-11D3-BF4B-00C04F79EFBC}") = "19_命令模式", "19_命令模式\19_命令模式.csproj", "{64107B09-45BA-4686-9FFB-A6CD89166EBC}"
EndProject
Project("{FAE04EC0-301F-11D3-BF4B-00C04F79EFBC}") = "20_职责链模式", "20_职责链模式\20_职责链模式.csproj", "{A363A1A9-F2B4-468C-8AEC-08A6F02C97D4}"
EndProject
Project("{FAE04EC0-301F-11D3-BF4B-00C04F79EFBC}") = "21_中介者模式", "21_中介者模式\21_中介者模式.csproj", "{396841DF-DC0D-47A4-830D-038D1A99C6B0}"
EndProject
Project("{FAE04EC0-301F-11D3-BF4B-00C04F79EFBC}") = "22_享元模式", "22_享元模式\22_享元模式.csproj", "{217A2138-ABBE-47F3-A08F-2DEEB975FF13}"
EndProject
Project("{FAE04EC0-301F-11D3-BF4B-00C04F79EFBC}") = "23_解释器模式", "23_解释器模式\23_解释器模式.csproj", "{D7426296-64A2-423F-AF65-2F915CF4A53C}"
EndProject
Project("{FAE04EC0-301F-11D3-BF4B-00C04F79EFBC}") = "24_访问者模式", "24_访问者模式\24_访问者模式.csproj", "{AD5E449D-48C2-45F1-8144-8C7FAFE86183}"
EndProject
Project("{2150E333-8FDC-42A3-9474-1A3956D46DE8}") = "解决方案项", "解决方案项", "{FA28D524-DB38-4C2E-A8CF-03AA5F85C07E}"
	ProjectSection(SolutionItems) = preProject
		.gitattributes = .gitattributes
		.gitignore = .gitignore
		LICENSE.txt = LICENSE.txt
		README.md = README.md
	EndProjectSection
EndProject
Global
	GlobalSection(SolutionConfigurationPlatforms) = preSolution
		Debug|Any CPU = Debug|Any CPU
		Release|Any CPU = Release|Any CPU
	EndGlobalSection
	GlobalSection(ProjectConfigurationPlatforms) = postSolution
		{84FA334F-16F2-4A22-9152-DDCF83F09AC9}.Debug|Any CPU.ActiveCfg = Debug|Any CPU
		{84FA334F-16F2-4A22-9152-DDCF83F09AC9}.Debug|Any CPU.Build.0 = Debug|Any CPU
		{84FA334F-16F2-4A22-9152-DDCF83F09AC9}.Release|Any CPU.ActiveCfg = Release|Any CPU
		{84FA334F-16F2-4A22-9152-DDCF83F09AC9}.Release|Any CPU.Build.0 = Release|Any CPU
		{49FAFFBD-CE3E-47C8-B8FC-948933256F16}.Debug|Any CPU.ActiveCfg = Debug|Any CPU
		{49FAFFBD-CE3E-47C8-B8FC-948933256F16}.Debug|Any CPU.Build.0 = Debug|Any CPU
		{49FAFFBD-CE3E-47C8-B8FC-948933256F16}.Release|Any CPU.ActiveCfg = Release|Any CPU
		{49FAFFBD-CE3E-47C8-B8FC-948933256F16}.Release|Any CPU.Build.0 = Release|Any CPU
		{439CCD0B-3662-4837-8DFA-F89FC517D1F8}.Debug|Any CPU.ActiveCfg = Debug|Any CPU
		{439CCD0B-3662-4837-8DFA-F89FC517D1F8}.Debug|Any CPU.Build.0 = Debug|Any CPU
		{439CCD0B-3662-4837-8DFA-F89FC517D1F8}.Release|Any CPU.ActiveCfg = Release|Any CPU
		{439CCD0B-3662-4837-8DFA-F89FC517D1F8}.Release|Any CPU.Build.0 = Release|Any CPU
		{49C76B6C-8E12-4D16-91B7-9E9FCDC83C09}.Debug|Any CPU.ActiveCfg = Debug|Any CPU
		{49C76B6C-8E12-4D16-91B7-9E9FCDC83C09}.Debug|Any CPU.Build.0 = Debug|Any CPU
		{49C76B6C-8E12-4D16-91B7-9E9FCDC83C09}.Release|Any CPU.ActiveCfg = Release|Any CPU
		{49C76B6C-8E12-4D16-91B7-9E9FCDC83C09}.Release|Any CPU.Build.0 = Release|Any CPU
		{DEBAC8E4-01D8-41C8-BB88-35BE9B0C464C}.Debug|Any CPU.ActiveCfg = Debug|Any CPU
		{DEBAC8E4-01D8-41C8-BB88-35BE9B0C464C}.Debug|Any CPU.Build.0 = Debug|Any CPU
		{DEBAC8E4-01D8-41C8-BB88-35BE9B0C464C}.Release|Any CPU.ActiveCfg = Release|Any CPU
		{DEBAC8E4-01D8-41C8-BB88-35BE9B0C464C}.Release|Any CPU.Build.0 = Release|Any CPU
		{BE6E29EB-FCA0-4AC4-9652-0A69BB1D57CF}.Debug|Any CPU.ActiveCfg = Debug|Any CPU
		{BE6E29EB-FCA0-4AC4-9652-0A69BB1D57CF}.Debug|Any CPU.Build.0 = Debug|Any CPU
		{BE6E29EB-FCA0-4AC4-9652-0A69BB1D57CF}.Release|Any CPU.ActiveCfg = Release|Any CPU
		{BE6E29EB-FCA0-4AC4-9652-0A69BB1D57CF}.Release|Any CPU.Build.0 = Release|Any CPU
		{7CF9DA59-D8A5-483B-8EE4-CACE9B930F44}.Debug|Any CPU.ActiveCfg = Debug|Any CPU
		{7CF9DA59-D8A5-483B-8EE4-CACE9B930F44}.Debug|Any CPU.Build.0 = Debug|Any CPU
		{7CF9DA59-D8A5-483B-8EE4-CACE9B930F44}.Release|Any CPU.ActiveCfg = Release|Any CPU
		{7CF9DA59-D8A5-483B-8EE4-CACE9B930F44}.Release|Any CPU.Build.0 = Release|Any CPU
		{D90932ED-2A6B-48C0-95E0-21D61D90A5A1}.Debug|Any CPU.ActiveCfg = Debug|Any CPU
		{D90932ED-2A6B-48C0-95E0-21D61D90A5A1}.Debug|Any CPU.Build.0 = Debug|Any CPU
		{D90932ED-2A6B-48C0-95E0-21D61D90A5A1}.Release|Any CPU.ActiveCfg = Release|Any CPU
		{D90932ED-2A6B-48C0-95E0-21D61D90A5A1}.Release|Any CPU.Build.0 = Release|Any CPU
		{F4C7B3DE-5898-40CA-A5CE-F29C9D3201BE}.Debug|Any CPU.ActiveCfg = Debug|Any CPU
		{F4C7B3DE-5898-40CA-A5CE-F29C9D3201BE}.Debug|Any CPU.Build.0 = Debug|Any CPU
		{F4C7B3DE-5898-40CA-A5CE-F29C9D3201BE}.Release|Any CPU.ActiveCfg = Release|Any CPU
		{F4C7B3DE-5898-40CA-A5CE-F29C9D3201BE}.Release|Any CPU.Build.0 = Release|Any CPU
		{FED63CF7-AE73-4474-A399-BA32350B1A32}.Debug|Any CPU.ActiveCfg = Debug|Any CPU
		{FED63CF7-AE73-4474-A399-BA32350B1A32}.Debug|Any CPU.Build.0 = Debug|Any CPU
		{FED63CF7-AE73-4474-A399-BA32350B1A32}.Release|Any CPU.ActiveCfg = Release|Any CPU
		{FED63CF7-AE73-4474-A399-BA32350B1A32}.Release|Any CPU.Build.0 = Release|Any CPU
		{C86B4485-0F13-4BFF-8CCA-9DC6ECC256A5}.Debug|Any CPU.ActiveCfg = Debug|Any CPU
		{C86B4485-0F13-4BFF-8CCA-9DC6ECC256A5}.Debug|Any CPU.Build.0 = Debug|Any CPU
		{C86B4485-0F13-4BFF-8CCA-9DC6ECC256A5}.Release|Any CPU.ActiveCfg = Release|Any CPU
		{C86B4485-0F13-4BFF-8CCA-9DC6ECC256A5}.Release|Any CPU.Build.0 = Release|Any CPU
		{07AB4822-F1E9-4D95-AEF2-9679FC8A9421}.Debug|Any CPU.ActiveCfg = Debug|Any CPU
		{07AB4822-F1E9-4D95-AEF2-9679FC8A9421}.Debug|Any CPU.Build.0 = Debug|Any CPU
		{07AB4822-F1E9-4D95-AEF2-9679FC8A9421}.Release|Any CPU.ActiveCfg = Release|Any CPU
		{07AB4822-F1E9-4D95-AEF2-9679FC8A9421}.Release|Any CPU.Build.0 = Release|Any CPU
		{8F7316BA-62C9-4D34-A5D7-04DFEE2FA61B}.Debug|Any CPU.ActiveCfg = Debug|Any CPU
		{8F7316BA-62C9-4D34-A5D7-04DFEE2FA61B}.Debug|Any CPU.Build.0 = Debug|Any CPU
		{8F7316BA-62C9-4D34-A5D7-04DFEE2FA61B}.Release|Any CPU.ActiveCfg = Release|Any CPU
		{8F7316BA-62C9-4D34-A5D7-04DFEE2FA61B}.Release|Any CPU.Build.0 = Release|Any CPU
		{F0EC8EFE-A316-4770-ABAF-C82AF070AEA5}.Debug|Any CPU.ActiveCfg = Debug|Any CPU
		{F0EC8EFE-A316-4770-ABAF-C82AF070AEA5}.Debug|Any CPU.Build.0 = Debug|Any CPU
		{F0EC8EFE-A316-4770-ABAF-C82AF070AEA5}.Release|Any CPU.ActiveCfg = Release|Any CPU
		{F0EC8EFE-A316-4770-ABAF-C82AF070AEA5}.Release|Any CPU.Build.0 = Release|Any CPU
		{53764760-E1FC-40E5-AEC0-1C6EF39F2610}.Debug|Any CPU.ActiveCfg = Debug|Any CPU
		{53764760-E1FC-40E5-AEC0-1C6EF39F2610}.Debug|Any CPU.Build.0 = Debug|Any CPU
		{53764760-E1FC-40E5-AEC0-1C6EF39F2610}.Release|Any CPU.ActiveCfg = Release|Any CPU
		{53764760-E1FC-40E5-AEC0-1C6EF39F2610}.Release|Any CPU.Build.0 = Release|Any CPU
		{37DF5BED-5353-467D-8ED4-E8547CB73EAD}.Debug|Any CPU.ActiveCfg = Debug|Any CPU
		{37DF5BED-5353-467D-8ED4-E8547CB73EAD}.Debug|Any CPU.Build.0 = Debug|Any CPU
		{37DF5BED-5353-467D-8ED4-E8547CB73EAD}.Release|Any CPU.ActiveCfg = Release|Any CPU
		{37DF5BED-5353-467D-8ED4-E8547CB73EAD}.Release|Any CPU.Build.0 = Release|Any CPU
		{596F7DCE-B705-4E8C-876A-7A022B30730F}.Debug|Any CPU.ActiveCfg = Debug|Any CPU
		{596F7DCE-B705-4E8C-876A-7A022B30730F}.Debug|Any CPU.Build.0 = Debug|Any CPU
		{596F7DCE-B705-4E8C-876A-7A022B30730F}.Release|Any CPU.ActiveCfg = Release|Any CPU
		{596F7DCE-B705-4E8C-876A-7A022B30730F}.Release|Any CPU.Build.0 = Release|Any CPU
		{57C4E283-73DE-4F52-8777-C9671AB75928}.Debug|Any CPU.ActiveCfg = Debug|Any CPU
		{57C4E283-73DE-4F52-8777-C9671AB75928}.Debug|Any CPU.Build.0 = Debug|Any CPU
		{57C4E283-73DE-4F52-8777-C9671AB75928}.Release|Any CPU.ActiveCfg = Release|Any CPU
		{57C4E283-73DE-4F52-8777-C9671AB75928}.Release|Any CPU.Build.0 = Release|Any CPU
		{64107B09-45BA-4686-9FFB-A6CD89166EBC}.Debug|Any CPU.ActiveCfg = Debug|Any CPU
		{64107B09-45BA-4686-9FFB-A6CD89166EBC}.Debug|Any CPU.Build.0 = Debug|Any CPU
		{64107B09-45BA-4686-9FFB-A6CD89166EBC}.Release|Any CPU.ActiveCfg = Release|Any CPU
		{64107B09-45BA-4686-9FFB-A6CD89166EBC}.Release|Any CPU.Build.0 = Release|Any CPU
		{A363A1A9-F2B4-468C-8AEC-08A6F02C97D4}.Debug|Any CPU.ActiveCfg = Debug|Any CPU
		{A363A1A9-F2B4-468C-8AEC-08A6F02C97D4}.Debug|Any CPU.Build.0 = Debug|Any CPU
		{A363A1A9-F2B4-468C-8AEC-08A6F02C97D4}.Release|Any CPU.ActiveCfg = Release|Any CPU
		{A363A1A9-F2B4-468C-8AEC-08A6F02C97D4}.Release|Any CPU.Build.0 = Release|Any CPU
		{396841DF-DC0D-47A4-830D-038D1A99C6B0}.Debug|Any CPU.ActiveCfg = Debug|Any CPU
		{396841DF-DC0D-47A4-830D-038D1A99C6B0}.Debug|Any CPU.Build.0 = Debug|Any CPU
		{396841DF-DC0D-47A4-830D-038D1A99C6B0}.Release|Any CPU.ActiveCfg = Release|Any CPU
		{396841DF-DC0D-47A4-830D-038D1A99C6B0}.Release|Any CPU.Build.0 = Release|Any CPU
		{217A2138-ABBE-47F3-A08F-2DEEB975FF13}.Debug|Any CPU.ActiveCfg = Debug|Any CPU
		{217A2138-ABBE-47F3-A08F-2DEEB975FF13}.Debug|Any CPU.Build.0 = Debug|Any CPU
		{217A2138-ABBE-47F3-A08F-2DEEB975FF13}.Release|Any CPU.ActiveCfg = Release|Any CPU
		{217A2138-ABBE-47F3-A08F-2DEEB975FF13}.Release|Any CPU.Build.0 = Release|Any CPU
		{D7426296-64A2-423F-AF65-2F915CF4A53C}.Debug|Any CPU.ActiveCfg = Debug|Any CPU
		{D7426296-64A2-423F-AF65-2F915CF4A53C}.Debug|Any CPU.Build.0 = Debug|Any CPU
		{D7426296-64A2-423F-AF65-2F915CF4A53C}.Release|Any CPU.ActiveCfg = Release|Any CPU
		{D7426296-64A2-423F-AF65-2F915CF4A53C}.Release|Any CPU.Build.0 = Release|Any CPU
		{AD5E449D-48C2-45F1-8144-8C7FAFE86183}.Debug|Any CPU.ActiveCfg = Debug|Any CPU
		{AD5E449D-48C2-45F1-8144-8C7FAFE86183}.Debug|Any CPU.Build.0 = Debug|Any CPU
		{AD5E449D-48C2-45F1-8144-8C7FAFE86183}.Release|Any CPU.ActiveCfg = Release|Any CPU
		{AD5E449D-48C2-45F1-8144-8C7FAFE86183}.Release|Any CPU.Build.0 = Release|Any CPU
	EndGlobalSection
	GlobalSection(SolutionProperties) = preSolution
		HideSolutionNode = FALSE
	EndGlobalSection
	GlobalSection(ExtensibilityGlobals) = postSolution
		SolutionGuid = {3B2BCCDD-5BE4-47D1-ACBF-B47925BD15B5}
	EndGlobalSection
EndGlobal
